{
  "name": "backend",
  "lockfileVersion": 3,
  "requires": true,
  "packages": {
    "": {
      "dependencies": {
        "pdfjs-dist": "^5.4.449"
      }
    },
    "node_modules/@napi-rs/canvas": {
      "version": "0.1.84",
      "resolved": "https://registry.npmjs.org/@napi-rs/canvas/-/canvas-0.1.84.tgz",
      "integrity": "sha512-88FTNFs4uuiFKP0tUrPsEXhpe9dg7za9ILZJE08pGdUveMIDeana1zwfVkqRHJDPJFAmGY3dXmJ99dzsy57YnA==",
      "license": "MIT",
      "optional": true,
      "workspaces": [
        "e2e/*"
      ],
      "engines": {
        "node": ">= 10"
      },
      "optionalDependencies": {
        "@napi-rs/canvas-android-arm64": "0.1.84",
        "@napi-rs/canvas-darwin-arm64": "0.1.84",
        "@napi-rs/canvas-darwin-x64": "0.1.84",
        "@napi-rs/canvas-linux-arm-gnueabihf": "0.1.84",
        "@napi-rs/canvas-linux-arm64-gnu": "0.1.84",
        "@napi-rs/canvas-linux-arm64-musl": "0.1.84",
        "@napi-rs/canvas-linux-riscv64-gnu": "0.1.84",
        "@napi-rs/canvas-linux-x64-gnu": "0.1.84",
        "@napi-rs/canvas-linux-x64-musl": "0.1.84",
        "@napi-rs/canvas-win32-x64-msvc": "0.1.84"
      }
    },
    "node_modules/@napi-rs/canvas-android-arm64": {
      "version": "0.1.84",
      "resolved": "https://registry.npmjs.org/@napi-rs/canvas-android-arm64/-/canvas-android-arm64-0.1.84.tgz",
      "integrity": "sha512-pdvuqvj3qtwVryqgpAGornJLV6Ezpk39V6wT4JCnRVGy8I3Tk1au8qOalFGrx/r0Ig87hWslysPpHBxVpBMIww==",
      "cpu": [
        "arm64"
      ],
      "license": "MIT",
      "optional": true,
      "os": [
        "android"
      ],
      "engines": {
        "node": ">= 10"
      }
    },
    "node_modules/@napi-rs/canvas-darwin-arm64": {
      "version": "0.1.84",
      "resolved": "https://registry.npmjs.org/@napi-rs/canvas-darwin-arm64/-/canvas-darwin-arm64-0.1.84.tgz",
      "integrity": "sha512-A8IND3Hnv0R6abc6qCcCaOCujTLMmGxtucMTZ5vbQUrEN/scxi378MyTLtyWg+MRr6bwQJ6v/orqMS9datIcww==",
      "cpu": [
        "arm64"
      ],
      "license": "MIT",
      "optional": true,
      "os": [
        "darwin"
      ],
      "engines": {
        "node": ">= 10"
      }
    },
    "node_modules/@napi-rs/canvas-darwin-x64": {
      "version": "0.1.84",
      "resolved": "https://registry.npmjs.org/@napi-rs/canvas-darwin-x64/-/canvas-darwin-x64-0.1.84.tgz",
      "integrity": "sha512-AUW45lJhYWwnA74LaNeqhvqYKK/2hNnBBBl03KRdqeCD4tKneUSrxUqIv8d22CBweOvrAASyKN3W87WO2zEr/A==",
      "cpu": [
        "x64"
      ],
      "license": "MIT",
      "optional": true,
      "os": [
        "darwin"
      ],
      "engines": {
        "node": ">= 10"
      }
    },
    "node_modules/@napi-rs/canvas-linux-arm-gnueabihf": {
      "version": "0.1.84",
      "resolved": "https://registry.npmjs.org/@napi-rs/canvas-linux-arm-gnueabihf/-/canvas-linux-arm-gnueabihf-0.1.84.tgz",
      "integrity": "sha512-8zs5ZqOrdgs4FioTxSBrkl/wHZB56bJNBqaIsfPL4ZkEQCinOkrFF7xIcXiHiKp93J3wUtbIzeVrhTIaWwqk+A==",
      "cpu": [
        "arm"
      ],
      "license": "MIT",
      "optional": true,
      "os": [
        "linux"
      ],
      "engines": {
        "node": ">= 10"
      }
    },
    "node_modules/@napi-rs/canvas-linux-arm64-gnu": {
      "version": "0.1.84",
      "resolved": "https://registry.npmjs.org/@napi-rs/canvas-linux-arm64-gnu/-/canvas-linux-arm64-gnu-0.1.84.tgz",
      "integrity": "sha512-i204vtowOglJUpbAFWU5mqsJgH0lVpNk/Ml4mQtB4Lndd86oF+Otr6Mr5KQnZHqYGhlSIKiU2SYnUbhO28zGQA==",
      "cpu": [
        "arm64"
      ],
      "license": "MIT",
      "optional": true,
      "os": [
        "linux"
      ],
      "engines": {
        "node": ">= 10"
      }
    },
    "node_modules/@napi-rs/canvas-linux-arm64-musl": {
      "version": "0.1.84",
      "resolved": "https://registry.npmjs.org/@napi-rs/canvas-linux-arm64-musl/-/canvas-linux-arm64-musl-0.1.84.tgz",
      "integrity": "sha512-VyZq0EEw+OILnWk7G3ZgLLPaz1ERaPP++jLjeyLMbFOF+Tr4zHzWKiKDsEV/cT7btLPZbVoR3VX+T9/QubnURQ==",
      "cpu": [
        "arm64"
      ],
      "license": "MIT",
      "optional": true,
      "os": [
        "linux"
      ],
      "engines": {
        "node": ">= 10"
      }
    },
    "node_modules/@napi-rs/canvas-linux-riscv64-gnu": {
      "version": "0.1.84",
      "resolved": "https://registry.npmjs.org/@napi-rs/canvas-linux-riscv64-gnu/-/canvas-linux-riscv64-gnu-0.1.84.tgz",
      "integrity": "sha512-PSMTh8DiThvLRsbtc/a065I/ceZk17EXAATv9uNvHgkgo7wdEfTh2C3aveNkBMGByVO3tvnvD5v/YFtZL07cIg==",
      "cpu": [
        "riscv64"
      ],
      "license": "MIT",
      "optional": true,
      "os": [
        "linux"
      ],
      "engines": {
        "node": ">= 10"
      }
    },
    "node_modules/@napi-rs/canvas-linux-x64-gnu": {
      "version": "0.1.84",
      "resolved": "https://registry.npmjs.org/@napi-rs/canvas-linux-x64-gnu/-/canvas-linux-x64-gnu-0.1.84.tgz",
      "integrity": "sha512-N1GY3noO1oqgEo3rYQIwY44kfM11vA0lDbN0orTOHfCSUZTUyiYCY0nZ197QMahZBm1aR/vYgsWpV74MMMDuNA==",
      "cpu": [
        "x64"
      ],
      "license": "MIT",
      "optional": true,
      "os": [
        "linux"
      ],
      "engines": {
        "node": ">= 10"
      }
    },
    "node_modules/@napi-rs/canvas-linux-x64-musl": {
      "version": "0.1.84",
      "resolved": "https://registry.npmjs.org/@napi-rs/canvas-linux-x64-musl/-/canvas-linux-x64-musl-0.1.84.tgz",
      "integrity": "sha512-vUZmua6ADqTWyHyei81aXIt9wp0yjeNwTH0KdhdeoBb6azHmFR8uKTukZMXfLCC3bnsW0t4lW7K78KNMknmtjg==",
      "cpu": [
        "x64"
      ],
      "license": "MIT",
      "optional": true,
      "os": [
        "linux"
      ],
      "engines": {
        "node": ">= 10"
      }
    },
    "node_modules/@napi-rs/canvas-win32-x64-msvc": {
      "version": "0.1.84",
      "resolved": "https://registry.npmjs.org/@napi-rs/canvas-win32-x64-msvc/-/canvas-win32-x64-msvc-0.1.84.tgz",
      "integrity": "sha512-YSs8ncurc1xzegUMNnQUTYrdrAuaXdPMOa+iYYyAxydOtg0ppV386hyYMsy00Yip1NlTgLCseRG4sHSnjQx6og==",
      "cpu": [
        "x64"
      ],
      "license": "MIT",
      "optional": true,
      "os": [
        "win32"
      ],
      "engines": {
        "node": ">= 10"
      }
    },
    "node_modules/pdfjs-dist": {
      "version": "5.4.449",
      "resolved": "https://registry.npmjs.org/pdfjs-dist/-/pdfjs-dist-5.4.449.tgz",
      "integrity": "sha512-CegnUaT0QwAyQMS+7o2POr4wWUNNe8VaKKlcuoRHeYo98cVnqPpwOXNSx6Trl6szH02JrRcsPgletV6GmF3LtQ==",
      "license": "Apache-2.0",
      "engines": {
        "node": ">=20.16.0 || >=22.3.0"
      },
      "optionalDependencies": {
        "@napi-rs/canvas": "^0.1.81"
      }
    }
  }
}
